{
  "name": "claude-to-opencode",
  "version": "0.3.2",
  "lockfileVersion": 3,
  "requires": true,
  "packages": {
    "": {
      "name": "claude-to-opencode",
      "version": "0.3.2",
      "license": "MIT",
      "dependencies": {
        "dsh-movein": "^0.13.0"
      },
      "bin": {
        "claude-to-opencode": "bin/cli.mjs"
      },
      "engines": {
        "node": ">=20"
      }
    },
    "node_modules/dsh-movein": {
      "version": "0.13.7",
      "resolved": "https://registry.npmjs.org/dsh-movein/-/dsh-movein-0.13.7.tgz",
      "integrity": "sha512-mWduo3hQ28gYVpvj9BZSBJzY6JEgxlp9RBpNdZJlAzx9+MKe/M74J5tirzQpv+hpWKkHJ+JKOVBoOkyMzf3hVQ==",
      "license": "MIT",
      "os": [
        "darwin",
        "linux",
        "win32"
      ],
      "dependencies": {
        "jsonc-parser": "^3.3.1"
      },
      "bin": {
        "dsh-movein": "bin/cli.mjs"
      },
      "engines": {
        "node": ">=18"
      },
      "peerDependencies": {
        "react": "^18.2.0"
      },
      "peerDependenciesMeta": {
        "react": {
          "optional": true
        }
      }
    },
    "node_modules/jsonc-parser": {
      "version": "3.3.1",
      "resolved": "https://registry.npmjs.org/jsonc-parser/-/jsonc-parser-3.3.1.tgz",
      "integrity": "sha512-HUgH65KyejrUFPvHFPbqOY0rsFip3Bo5wb4ngvdi1EpCYWUQDC5V+Y7mZws+DLkr4M//zQJoanu1SP+87Dv1oQ==",
      "license": "MIT"
    }
  }
}
